
Microsoft Visual Studio Solution File, Format Version 12.00
# Visual Studio Version 17
VisualStudioVersion = 17.5.33516.290
MinimumVisualStudioVersion = 10.0.40219.1
Project("{FAE04EC0-301F-11D3-BF4B-00C04F79EFBC}") = "ChapterFS15", "ChapterFS15\ChapterFS15.csproj", "{823D0341-6670-4412-B231-C0B54E4D8B38}"
EndProject
Global
	GlobalSection(SolutionConfigurationPlatforms) = preSolution
		Debug|Any CPU = Debug|Any CPU
		Release|Any CPU = Release|Any CPU
	EndGlobalSection
	GlobalSection(ProjectConfigurationPlatforms) = postSolution
		{823D0341-6670-4412-B231-C0B54E4D8B38}.Debug|Any CPU.ActiveCfg = Debug|Any CPU
		{823D0341-6670-4412-B231-C0B54E4D8B38}.Debug|Any CPU.Build.0 = Debug|Any CPU
		{823D0341-6670-4412-B231-C0B54E4D8B38}.Release|Any CPU.ActiveCfg = Release|Any CPU
		{823D0341-6670-4412-B231-C0B54E4D8B38}.Release|Any CPU.Build.0 = Release|Any CPU
	EndGlobalSection
	GlobalSection(SolutionProperties) = preSolution
		HideSolutionNode = FALSE
	EndGlobalSection
	GlobalSection(ExtensibilityGlobals) = postSolution
		SolutionGuid = {840FBA7D-95F2-480A-9F8D-D333BE898D51}
	EndGlobalSection
EndGlobal
